
Microsoft Visual Studio Solution File, Format Version 12.00
# Visual Studio Version 17
VisualStudioVersion = 17.11.35327.3
MinimumVisualStudioVersion = 10.0.40219.1
Project("{8BC9CEB8-8B4A-11D0-8D11-00A0C91BC942}") = "Balan-task_8_1", "Balan-task_8_1\Balan-task_8_1.vcxproj", "{F11CA0C6-7FE9-46D3-9AEC-E5E9ED6B04BB}"
EndProject
Global
	GlobalSection(SolutionConfigurationPlatforms) = preSolution
		Debug|x64 = Debug|x64
		Debug|x86 = Debug|x86
		Release|x64 = Release|x64
		Release|x86 = Release|x86
	EndGlobalSection
	GlobalSection(ProjectConfigurationPlatforms) = postSolution
		{F11CA0C6-7FE9-46D3-9AEC-E5E9ED6B04BB}.Debug|x64.ActiveCfg = Debug|x64
		{F11CA0C6-7FE9-46D3-9AEC-E5E9ED6B04BB}.Debug|x64.Build.0 = Debug|x64
		{F11CA0C6-7FE9-46D3-9AEC-E5E9ED6B04BB}.Debug|x86.ActiveCfg = Debug|Win32
		{F11CA0C6-7FE9-46D3-9AEC-E5E9ED6B04BB}.Debug|x86.Build.0 = Debug|Win32
		{F11CA0C6-7FE9-46D3-9AEC-E5E9ED6B04BB}.Release|x64.ActiveCfg = Release|x64
		{F11CA0C6-7FE9-46D3-9AEC-E5E9ED6B04BB}.Release|x64.Build.0 = Release|x64
		{F11CA0C6-7FE9-46D3-9AEC-E5E9ED6B04BB}.Release|x86.ActiveCfg = Release|Win32
		{F11CA0C6-7FE9-46D3-9AEC-E5E9ED6B04BB}.Release|x86.Build.0 = Release|Win32
	EndGlobalSection
	GlobalSection(SolutionProperties) = preSolution
		HideSolutionNode = FALSE
	EndGlobalSection
	GlobalSection(ExtensibilityGlobals) = postSolution
		SolutionGuid = {55278C14-22F4-49FD-B128-E03E03026EC9}
	EndGlobalSection
EndGlobal
